
Microsoft Visual Studio Solution File, Format Version 12.00
# Visual Studio Version 17
VisualStudioVersion = 17.7.34031.279
MinimumVisualStudioVersion = 10.0.40219.1
Project("{FAE04EC0-301F-11D3-BF4B-00C04F79EFBC}") = "FizzBuzz", "FizzBuzz.csproj", "{5FC0EB00-2202-4395-ABBC-F60162EB228B}"
EndProject
Project("{FAE04EC0-301F-11D3-BF4B-00C04F79EFBC}") = "FizzBuzz.UnitTests", "..\FizzBuzz.UnitTests\FizzBuzz.UnitTests.csproj", "{82D044A0-7A85-4CA6-917E-1C478356E264}"
EndProject
Global
	GlobalSection(SolutionConfigurationPlatforms) = preSolution
		Debug|Any CPU = Debug|Any CPU
		Release|Any CPU = Release|Any CPU
	EndGlobalSection
	GlobalSection(ProjectConfigurationPlatforms) = postSolution
		{5FC0EB00-2202-4395-ABBC-F60162EB228B}.Debug|Any CPU.ActiveCfg = Debug|Any CPU
		{5FC0EB00-2202-4395-ABBC-F60162EB228B}.Debug|Any CPU.Build.0 = Debug|Any CPU
		{5FC0EB00-2202-4395-ABBC-F60162EB228B}.Release|Any CPU.ActiveCfg = Release|Any CPU
		{5FC0EB00-2202-4395-ABBC-F60162EB228B}.Release|Any CPU.Build.0 = Release|Any CPU
		{82D044A0-7A85-4CA6-917E-1C478356E264}.Debug|Any CPU.ActiveCfg = Debug|Any CPU
		{82D044A0-7A85-4CA6-917E-1C478356E264}.Debug|Any CPU.Build.0 = Debug|Any CPU
		{82D044A0-7A85-4CA6-917E-1C478356E264}.Release|Any CPU.ActiveCfg = Release|Any CPU
		{82D044A0-7A85-4CA6-917E-1C478356E264}.Release|Any CPU.Build.0 = Release|Any CPU
	EndGlobalSection
	GlobalSection(SolutionProperties) = preSolution
		HideSolutionNode = FALSE
	EndGlobalSection
	GlobalSection(ExtensibilityGlobals) = postSolution
		SolutionGuid = {B61AA093-0EB2-4314-A202-260E3FC67CDE}
	EndGlobalSection
EndGlobal
